// !$*UTF8*$!
{
	archiveVersion = 1;
	classes = {
	};
	objectVersion = 46;
	objects = {

/* Begin PBXBuildFile section */
		EBBA58791F04ADDC00B1F7A1 /* main.m in Sources */ = {isa = PBXBuildFile; fileRef = EBBA58781F04ADDC00B1F7A1 /* main.m */; };
		EBBA587C1F04ADDC00B1F7A1 /* AppDelegate.m in Sources */ = {isa = PBXBuildFile; fileRef = EBBA587B1F04ADDC00B1F7A1 /* AppDelegate.m */; };
		EBBA587F1F04ADDC00B1F7A1 /* ViewController.m in Sources */ = {isa = PBXBuildFile; fileRef = EBBA587E1F04ADDC00B1F7A1 /* ViewController.m */; };
		EBBA58821F04ADDC00B1F7A1 /* Main.storyboard in Resources */ = {isa = PBXBuildFile; fileRef = EBBA58801F04ADDC00B1F7A1 /* Main.storyboard */; };
		EBBA58841F04ADDC00B1F7A1 /* Assets.xcassets in Resources */ = {isa = PBXBuildFile; fileRef = EBBA58831F04ADDC00B1F7A1 /* Assets.xcassets */; };
		EBBA58871F04ADDC00B1F7A1 /* LaunchScreen.storyboard in Resources */ = {isa = PBXBuildFile; fileRef = EBBA58851F04ADDC00B1F7A1 /* LaunchScreen.storyboard */; };
/* End PBXBuildFile section */

/* Begin PBXFileReference section */
		EBBA58741F04ADDC00B1F7A1 /* DMContactStoreDemo.app */ = {isa = PBXFileReference; explicitFileType = wrapper.application; includeInIndex = 0; path = DMContactStoreDemo.app; sourceTree = BUILT_PRODUCTS_DIR; };
		EBBA58781F04ADDC00B1F7A1 /* main.m */ = {isa = PBXFileReference; lastKnownFileType = sourcecode.c.objc; path = main.m; sourceTree = "<group>"; };
		EBBA587A1F04ADDC00B1F7A1 /* AppDelegate.h */ = {isa = PBXFileReference; lastKnownFileType = sourcecode.c.h; path = AppDelegate.h; sourceTree = "<group>"; };
		EBBA587B1F04ADDC00B1F7A1 /* AppDelegate.m */ = {isa = PBXFileReference; lastKnownFileType = sourcecode.c.objc; path = AppDelegate.m; sourceTree = "<group>"; };
		EBBA587D1F04ADDC00B1F7A1 /* ViewController.h */ = {isa = PBXFileReference; lastKnownFileType = sourcecode.c.h; path = ViewController.h; sourceTree = "<group>"; };
		EBBA587E1F04ADDC00B1F7A1 /* ViewController.m */ = {isa = PBXFileReference; lastKnownFileType = sourcecode.c.objc; path = ViewController.m; sourceTree = "<group>"; };
		EBBA58811F04ADDC00B1F7A1 /* Base */ = {isa = PBXFileReference; lastKnownFileType = file.storyboard; name = Base; path = Base.lproj/Main.storyboard; sourceTree = "<group>"; };
		EBBA58831F04ADDC00B1F7A1 /* Assets.xcassets */ = {isa = PBXFileReference; lastKnownFileType = folder.assetcatalog; path = Assets.xcassets; sourceTree = "<group>"; };
		EBBA58861F04ADDC00B1F7A1 /* Base */ = {isa = PBXFileReference; lastKnownFileType = file.storyboard; name = Base; path = Base.lproj/LaunchScreen.storyboard; sourceTree = "<group>"; };
		EBBA58881F04ADDC00B1F7A1 /* Info.plist */ = {isa = PBXFileReference; lastKnownFileType = text.plist.xml; path = Info.plist; sourceTree = "<group>"; };
/* End PBXFileReference section */

/* Begin PBXFrameworksBuildPhase section */
		EBBA58711F04ADDC00B1F7A1 /* Frameworks */ = {
			isa = PBXFrameworksBuildPhase;
			buildActionMask = 2147483647;
			files = (
			);
			runOnlyForDeploymentPostprocessing = 0;
		};
/* End PBXFrameworksBuildPhase section */

/* Begin PBXGroup section */
		EBBA586B1F04ADDC00B1F7A1 = {
			isa = PBXGroup;
			children = (
				EBBA58761F04ADDC00B1F7A1 /* DMContactStoreDemo */,
				EBBA58751F04ADDC00B1F7A1 /* Products */,
			);
			sourceTree = "<group>";
		};
		EBBA58751F04ADDC00B1F7A1 /* Products */ = {
			isa = PBXGroup;
			children = (
				EBBA58741F04ADDC00B1F7A1 /* DMContactStoreDemo.app */,
			);
			name = Products;
			sourceTree = "<group>";
		};
		EBBA58761F04ADDC00B1F7A1 /* DMContactStoreDemo */ = {
			isa = PBXGroup;
			children = (
				EBBA587A1F04ADDC00B1F7A1 /* AppDelegate.h */,
				EBBA587B1F04ADDC00B1F7A1 /* AppDelegate.m */,
				EBBA587D1F04ADDC00B1F7A1 /* ViewController.h */,
				EBBA587E1F04ADDC00B1F7A1 /* ViewController.m */,
				EBBA58801F04ADDC00B1F7A1 /* Main.storyboard */,
				EBBA58831F04ADDC00B1F7A1 /* Assets.xcassets */,
				EBBA58851F04ADDC00B1F7A1 /* LaunchScreen.storyboard */,
				EBBA58881F04ADDC00B1F7A1 /* Info.plist */,
				EBBA58771F04ADDC00B1F7A1 /* Supporting Files */,
			);
			path = DMContactStoreDemo;
			sourceTree = "<group>";
		};
		EBBA58771F04ADDC00B1F7A1 /* Supporting Files */ = {
			isa = PBXGroup;
			children = (
				EBBA58781F04ADDC00B1F7A1 /* main.m */,
			);
			name = "Supporting Files";
			sourceTree = "<group>";
		};
/* End PBXGroup section */

/* Begin PBXNativeTarget section */
		EBBA58731F04ADDC00B1F7A1 /* DMContactStoreDemo */ = {
			isa = PBXNativeTarget;
			buildConfigurationList = EBBA588B1F04ADDC00B1F7A1 /* Build configuration list for PBXNativeTarget "DMContactStoreDemo" */;
			buildPhases = (
				EBBA58701F04ADDC00B1F7A1 /* Sources */,
				EBBA58711F04ADDC00B1F7A1 /* Frameworks */,
				EBBA58721F04ADDC00B1F7A1 /* Resources */,
			);
			buildRules = (
			);
			dependencies = (
			);
			name = DMContactStoreDemo;
			productName = DMContactStoreDemo;
			productReference = EBBA58741F04ADDC00B1F7A1 /* DMContactStoreDemo.app */;
			productType = "com.apple.product-type.application";
		};
/* End PBXNativeTarget section */

/* Begin PBXProject section */
		EBBA586C1F04ADDC00B1F7A1 /* Project object */ = {
			isa = PBXProject;
			attributes = {
				LastUpgradeCheck = 0830;
				ORGANIZATIONNAME = "YRHY Science and Technology (Beijing) Co., Ltd.";
				TargetAttributes = {
					EBBA58731F04ADDC00B1F7A1 = {
						CreatedOnToolsVersion = 8.3.3;
						DevelopmentTeam = 3AHZ82SGX3;
						ProvisioningStyle = Automatic;
					};
				};
			};
			buildConfigurationList = EBBA586F1F04ADDC00B1F7A1 /* Build configuration list for PBXProject "DMContactStoreDemo" */;
			compatibilityVersion = "Xcode 3.2";
			developmentRegion = English;
			hasScannedForEncodings = 0;
			knownRegions = (
				en,
				Base,
			);
			mainGroup = EBBA586B1F04ADDC00B1F7A1;
			productRefGroup = EBBA58751F04ADDC00B1F7A1 /* Products */;
			projectDirPath = "";
			projectRoot = "";
			targets = (
				EBBA58731F04ADDC00B1F7A1 /* DMContactStoreDemo */,
			);
		};
/* End PBXProject section */

/* Begin PBXResourcesBuildPhase section */
		EBBA58721F04ADDC00B1F7A1 /* Resources */ = {
			isa = PBXResourcesBuildPhase;
			buildActionMask = 2147483647;
			files = (
				EBBA58871F04ADDC00B1F7A1 /* LaunchScreen.storyboard in Resources */,
				EBBA58841F04ADDC00B1F7A1 /* Assets.xcassets in Resources */,
				EBBA58821F04ADDC00B1F7A1 /* Main.storyboard in Resources */,
			);
			runOnlyForDeploymentPostprocessing = 0;
		};
/* End PBXResourcesBuildPhase section */

/* Begin PBXSourcesBuildPhase section */
		EBBA58701F04ADDC00B1F7A1 /* Sources */ = {
			isa = PBXSourcesBuildPhase;
			buildActionMask = 2147483647;
			files = (
				EBBA587F1F04ADDC00B1F7A1 /* ViewController.m in Sources */,
				EBBA587C1F04ADDC00B1F7A1 /* AppDelegate.m in Sources */,
				EBBA58791F04ADDC00B1F7A1 /* main.m in Sources */,
			);
			runOnlyForDeploymentPostprocessing = 0;
		};
/* End PBXSourcesBuildPhase section */

/* Begin PBXVariantGroup section */
		EBBA58801F04ADDC00B1F7A1 /* Main.storyboard */ = {
			isa = PBXVariantGroup;
			children = (
				EBBA58811F04ADDC00B1F7A1 /* Base */,
			);
			name = Main.storyboard;
			sourceTree = "<group>";
		};
		EBBA58851F04ADDC00B1F7A1 /* LaunchScreen.storyboard */ = {
			isa = PBXVariantGroup;
			children = (
				EBBA58861F04ADDC00B1F7A1 /* Base */,
			);
			name = LaunchScreen.storyboard;
			sourceTree = "<group>";
		};
/* End PBXVariantGroup section */

/* Begin XCBuildConfiguration section */
		EBBA58891F04ADDC00B1F7A1 /* Debug */ = {
			isa = XCBuildConfiguration;
			buildSettings = {
				ALWAYS_SEARCH_USER_PATHS = NO;
				CLANG_ANALYZER_NONNULL = YES;
				CLANG_ANALYZER_NUMBER_OBJECT_CONVERSION = YES_AGGRESSIVE;
				CLANG_CXX_LANGUAGE_STANDARD = "gnu++0x";
				CLANG_CXX_LIBRARY = "libc++";
				CLANG_ENABLE_MODULES = YES;
				CLANG_ENABLE_OBJC_ARC = YES;
				CLANG_WARN_BOOL_CONVERSION = YES;
				CLANG_WARN_CONSTANT_CONVERSION = YES;
				CLANG_WARN_DIRECT_OBJC_ISA_USAGE = YES_ERROR;
				CLANG_WARN_DOCUMENTATION_COMMENTS = YES;
				CLANG_WARN_EMPTY_BODY = YES;
				CLANG_WARN_ENUM_CONVERSION = YES;
				CLANG_WARN_INFINITE_RECURSION = YES;
				CLANG_WARN_INT_CONVERSION = YES;
				CLANG_WARN_OBJC_ROOT_CLASS = YES_ERROR;
				CLANG_WARN_SUSPICIOUS_MOVE = YES;
				CLANG_WARN_UNREACHABLE_CODE = YES;
				CLANG_WARN__DUPLICATE_METHOD_MATCH = YES;
				"CODE_SIGN_IDENTITY[sdk=iphoneos*]" = "iPhone Developer";
				COPY_PHASE_STRIP = NO;
				DEBUG_INFORMATION_FORMAT = dwarf;
				ENABLE_STRICT_OBJC_MSGSEND = YES;
				ENABLE_TESTABILITY = YES;
				GCC_C_LANGUAGE_STANDARD = gnu99;
				GCC_DYNAMIC_NO_PIC = NO;
				GCC_NO_COMMON_BLOCKS = YES;
				GCC_OPTIMIZATION_LEVEL = 0;
				GCC_PREPROCESSOR_DEFINITIONS = (
					"DEBUG=1",
					"$(inherited)",
				);
				GCC_WARN_64_TO_32_BIT_CONVERSION = YES;
				GCC_WARN_ABOUT_RETURN_TYPE = YES_ERROR;
				GCC_WARN_UNDECLARED_SELECTOR = YES;
				GCC_WARN_UNINITIALIZED_AUTOS = YES_AGGRESSIVE;
				GCC_WARN_UNUSED_FUNCTION = YES;
				GCC_WARN_UNUSED_VARIABLE = YES;
				IPHONEOS_DEPLOYMENT_TARGET = 10.3;
				MTL_ENABLE_DEBUG_INFO = YES;
				ONLY_ACTIVE_ARCH = YES;
				SDKROOT = iphoneos;
			};
			name = Debug;
		};
		EBBA588A1F04ADDC00B1F7A1 /* Release */ = {
			isa = XCBuildConfiguration;
			buildSettings = {
				ALWAYS_SEARCH_USER_PATHS = NO;
				CLANG_ANALYZER_NONNULL = YES;
				CLANG_ANALYZER_NUMBER_OBJECT_CONVERSION = YES_AGGRESSIVE;
				CLANG_CXX_LANGUAGE_STANDARD = "gnu++0x";
				CLANG_CXX_LIBRARY = "libc++";
				CLANG_ENABLE_MODULES = YES;
				CLANG_ENABLE_OBJC_ARC = YES;
				CLANG_WARN_BOOL_CONVERSION = YES;
				CLANG_WARN_CONSTANT_CONVERSION = YES;
				CLANG_WARN_DIRECT_OBJC_ISA_USAGE = YES_ERROR;
				CLANG_WARN_DOCUMENTATION_COMMENTS = YES;
				CLANG_WARN_EMPTY_BODY = YES;
				CLANG_WARN_ENUM_CONVERSION = YES;
				CLANG_WARN_INFINITE_RECURSION = YES;
				CLANG_WARN_INT_CONVERSION = YES;
				CLANG_WARN_OBJC_ROOT_CLASS = YES_ERROR;
				CLANG_WARN_SUSPICIOUS_MOVE = YES;
				CLANG_WARN_UNREACHABLE_CODE = YES;
				CLANG_WARN__DUPLICATE_METHOD_MATCH = YES;
				"CODE_SIGN_IDENTITY[sdk=iphoneos*]" = "iPhone Developer";
				COPY_PHASE_STRIP = NO;
				DEBUG_INFORMATION_FORMAT = "dwarf-with-dsym";
				ENABLE_NS_ASSERTIONS = NO;
				ENABLE_STRICT_OBJC_MSGSEND = YES;
				GCC_C_LANGUAGE_STANDARD = gnu99;
				GCC_NO_COMMON_BLOCKS = YES;
				GCC_WARN_64_TO_32_BIT_CONVERSION = YES;
				GCC_WARN_ABOUT_RETURN_TYPE = YES_ERROR;
				GCC_WARN_UNDECLARED_SELECTOR = YES;
				GCC_WARN_UNINITIALIZED_AUTOS = YES_AGGRESSIVE;
				GCC_WARN_UNUSED_FUNCTION = YES;
				GCC_WARN_UNUSED_VARIABLE = YES;
				IPHONEOS_DEPLOYMENT_TARGET = 10.3;
				MTL_ENABLE_DEBUG_INFO = NO;
				SDKROOT = iphoneos;
				VALIDATE_PRODUCT = YES;
			};
			name = Release;
		};
		EBBA588C1F04ADDC00B1F7A1 /* Debug */ = {
			isa = XCBuildConfiguration;
			buildSettings = {
				ASSETCATALOG_COMPILER_APPICON_NAME = AppIcon;
				DEVELOPMENT_TEAM = 3AHZ82SGX3;
				INFOPLIST_FILE = DMContactStoreDemo/Info.plist;
				LD_RUNPATH_SEARCH_PATHS = "$(inherited) @executable_path/Frameworks";
				PRODUCT_BUNDLE_IDENTIFIER = com.yrdgroup.DMContactStoreDemo;
				PRODUCT_NAME = "$(TARGET_NAME)";
			};
			name = Debug;
		};
		EBBA588D1F04ADDC00B1F7A1 /* Release */ = {
			isa = XCBuildConfiguration;
			buildSettings = {
				ASSETCATALOG_COMPILER_APPICON_NAME = AppIcon;
				DEVELOPMENT_TEAM = 3AHZ82SGX3;
				INFOPLIST_FILE = DMContactStoreDemo/Info.plist;
				LD_RUNPATH_SEARCH_PATHS = "$(inherited) @executable_path/Frameworks";
				PRODUCT_BUNDLE_IDENTIFIER = com.yrdgroup.DMContactStoreDemo;
				PRODUCT_NAME = "$(TARGET_NAME)";
			};
			name = Release;
		};
/* End XCBuildConfiguration section */

/* Begin XCConfigurationList section */
		EBBA586F1F04ADDC00B1F7A1 /* Build configuration list for PBXProject "DMContactStoreDemo" */ = {
			isa = XCConfigurationList;
			buildConfigurations = (
				EBBA58891F04ADDC00B1F7A1 /* Debug */,
				EBBA588A1F04ADDC00B1F7A1 /* Release */,
			);
			defaultConfigurationIsVisible = 0;
			defaultConfigurationName = Release;
		};
		EBBA588B1F04ADDC00B1F7A1 /* Build configuration list for PBXNativeTarget "DMContactStoreDemo" */ = {
			isa = XCConfigurationList;
			buildConfigurations = (
				EBBA588C1F04ADDC00B1F7A1 /* Debug */,
				EBBA588D1F04ADDC00B1F7A1 /* Release */,
			);
			defaultConfigurationIsVisible = 0;
		};
/* End XCConfigurationList section */
	};
	rootObject = EBBA586C1F04ADDC00B1F7A1 /* Project object */;
}
